
Microsoft Visual Studio Solution File, Format Version 12.00
# Visual Studio Version 17
VisualStudioVersion = 17.0.31919.166
MinimumVisualStudioVersion = 10.0.40219.1
Project("{9A19103F-16F7-4668-BE54-9A1E7A4F7556}") = "Api1", "Api1\Api1.csproj", "{92B166EC-CA0C-4248-9CEC-A967615D310E}"
EndProject
Project("{9A19103F-16F7-4668-BE54-9A1E7A4F7556}") = "Api2", "Api2\Api2.csproj", "{0154F767-AAD2-45EC-B4D9-6B0448848F06}"
EndProject
Project("{E53339B2-1760-4266-BCC7-CA923CBCF16C}") = "docker-compose", "docker-compose.dcproj", "{DA000FD8-771C-4562-9D43-9476753E5506}"
EndProject
Global
	GlobalSection(SolutionConfigurationPlatforms) = preSolution
		Debug|Any CPU = Debug|Any CPU
		Release|Any CPU = Release|Any CPU
	EndGlobalSection
	GlobalSection(ProjectConfigurationPlatforms) = postSolution
		{92B166EC-CA0C-4248-9CEC-A967615D310E}.Debug|Any CPU.ActiveCfg = Debug|Any CPU
		{92B166EC-CA0C-4248-9CEC-A967615D310E}.Debug|Any CPU.Build.0 = Debug|Any CPU
		{92B166EC-CA0C-4248-9CEC-A967615D310E}.Release|Any CPU.ActiveCfg = Release|Any CPU
		{92B166EC-CA0C-4248-9CEC-A967615D310E}.Release|Any CPU.Build.0 = Release|Any CPU
		{0154F767-AAD2-45EC-B4D9-6B0448848F06}.Debug|Any CPU.ActiveCfg = Debug|Any CPU
		{0154F767-AAD2-45EC-B4D9-6B0448848F06}.Debug|Any CPU.Build.0 = Debug|Any CPU
		{0154F767-AAD2-45EC-B4D9-6B0448848F06}.Release|Any CPU.ActiveCfg = Release|Any CPU
		{0154F767-AAD2-45EC-B4D9-6B0448848F06}.Release|Any CPU.Build.0 = Release|Any CPU
		{DA000FD8-771C-4562-9D43-9476753E5506}.Debug|Any CPU.ActiveCfg = Debug|Any CPU
		{DA000FD8-771C-4562-9D43-9476753E5506}.Debug|Any CPU.Build.0 = Debug|Any CPU
		{DA000FD8-771C-4562-9D43-9476753E5506}.Release|Any CPU.ActiveCfg = Release|Any CPU
		{DA000FD8-771C-4562-9D43-9476753E5506}.Release|Any CPU.Build.0 = Release|Any CPU
	EndGlobalSection
	GlobalSection(SolutionProperties) = preSolution
		HideSolutionNode = FALSE
	EndGlobalSection
	GlobalSection(ExtensibilityGlobals) = postSolution
		SolutionGuid = {655E6E9C-B8E8-4131-94DA-1E8573C2C733}
	EndGlobalSection
EndGlobal
